PODS:
  - FlutterMacOS (1.0.0)
  - rust_lib_p43 (0.0.1):
    - FlutterMacOS

DEPENDENCIES:
  - FlutterMacOS (from `Flutter/ephemeral`)
  - rust_lib_p43 (from `Flutter/ephemeral/.symlinks/plugins/rust_lib_p43/macos`)

EXTERNAL SOURCES:
  FlutterMacOS:
    :path: Flutter/ephemeral
  rust_lib_p43:
    :path: Flutter/ephemeral/.symlinks/plugins/rust_lib_p43/macos

SPEC CHECKSUMS:
  FlutterMacOS: d0db08ddef1a9af05a5ec4b724367152bb0500b1
  rust_lib_p43: 016610529c3a8d602c694a7abb027831c90822ef

PODFILE CHECKSUM: da2ff0f383cd6f29c86b935463145c57becb9a1d

COCOAPODS: 1.17.0
